
Microsoft Visual Studio Solution File, Format Version 12.00
# Visual Studio Version 17
VisualStudioVersion = 17.14.37411.7 d17.14
MinimumVisualStudioVersion = 10.0.40219.1
Project("{FAE04EC0-301F-11D3-BF4B-00C04F79EFBC}") = "VNGPortal", "VNGPortal\VNGPortal.csproj", "{190B14B2-0D30-4510-9F54-39B00C174893}"
EndProject
Global
	GlobalSection(SolutionConfigurationPlatforms) = preSolution
		Debug|Any CPU = Debug|Any CPU
		Release|Any CPU = Release|Any CPU
	EndGlobalSection
	GlobalSection(ProjectConfigurationPlatforms) = postSolution
		{190B14B2-0D30-4510-9F54-39B00C174893}.Debug|Any CPU.ActiveCfg = Debug|Any CPU
		{190B14B2-0D30-4510-9F54-39B00C174893}.Debug|Any CPU.Build.0 = Debug|Any CPU
		{190B14B2-0D30-4510-9F54-39B00C174893}.Release|Any CPU.ActiveCfg = Release|Any CPU
		{190B14B2-0D30-4510-9F54-39B00C174893}.Release|Any CPU.Build.0 = Release|Any CPU
	EndGlobalSection
	GlobalSection(SolutionProperties) = preSolution
		HideSolutionNode = FALSE
	EndGlobalSection
	GlobalSection(ExtensibilityGlobals) = postSolution
		SolutionGuid = {F9C96600-C9D0-4C1A-94D1-79FF0B6B3874}
	EndGlobalSection
EndGlobal
