
Microsoft Visual Studio Solution File, Format Version 12.00
# Visual Studio Version 17
VisualStudioVersion = 17.14.37111.16
MinimumVisualStudioVersion = 10.0.40219.1
Project("{FAE04EC0-301F-11D3-BF4B-00C04F79EFBC}") = "VNGService", "VNGService\VNGService.csproj", "{22546059-809E-43D4-A55C-EC577F930288}"
EndProject
Global
	GlobalSection(SolutionConfigurationPlatforms) = preSolution
		Debug|Any CPU = Debug|Any CPU
		Release|Any CPU = Release|Any CPU
	EndGlobalSection
	GlobalSection(ProjectConfigurationPlatforms) = postSolution
		{22546059-809E-43D4-A55C-EC577F930288}.Debug|Any CPU.ActiveCfg = Debug|Any CPU
		{22546059-809E-43D4-A55C-EC577F930288}.Debug|Any CPU.Build.0 = Debug|Any CPU
		{22546059-809E-43D4-A55C-EC577F930288}.Release|Any CPU.ActiveCfg = Release|Any CPU
		{22546059-809E-43D4-A55C-EC577F930288}.Release|Any CPU.Build.0 = Release|Any CPU
	EndGlobalSection
	GlobalSection(SolutionProperties) = preSolution
		HideSolutionNode = FALSE
	EndGlobalSection
	GlobalSection(ExtensibilityGlobals) = postSolution
		SolutionGuid = {DF878521-8839-4C63-856B-C19C01A18905}
	EndGlobalSection
EndGlobal
